
Microsoft Visual Studio Solution File, Format Version 12.00
# Visual Studio Version 17
VisualStudioVersion = 17.11.35327.3
MinimumVisualStudioVersion = 10.0.40219.1
Project("{FAE04EC0-301F-11D3-BF4B-00C04F79EFBC}") = "Task2", "Task2.csproj", "{AE1E1BA2-27EF-4342-9C94-713D1BD5D110}"
EndProject
Global
	GlobalSection(SolutionConfigurationPlatforms) = preSolution
		Debug|Any CPU = Debug|Any CPU
		Release|Any CPU = Release|Any CPU
	EndGlobalSection
	GlobalSection(ProjectConfigurationPlatforms) = postSolution
		{AE1E1BA2-27EF-4342-9C94-713D1BD5D110}.Debug|Any CPU.ActiveCfg = Debug|Any CPU
		{AE1E1BA2-27EF-4342-9C94-713D1BD5D110}.Debug|Any CPU.Build.0 = Debug|Any CPU
		{AE1E1BA2-27EF-4342-9C94-713D1BD5D110}.Release|Any CPU.ActiveCfg = Release|Any CPU
		{AE1E1BA2-27EF-4342-9C94-713D1BD5D110}.Release|Any CPU.Build.0 = Release|Any CPU
	EndGlobalSection
	GlobalSection(SolutionProperties) = preSolution
		HideSolutionNode = FALSE
	EndGlobalSection
	GlobalSection(ExtensibilityGlobals) = postSolution
		SolutionGuid = {21412773-8F3B-4C67-A8E4-2442C1B989DF}
	EndGlobalSection
EndGlobal
